// !$*UTF8*$!
{
	archiveVersion = 1;
	classes = {
	};
	objectVersion = 46;
	objects = {

/* Begin PBXBuildFile section */
		275FC9161B83607200A9451D /* AppDelegate.swift in Sources */ = {isa = PBXBuildFile; fileRef = 275FC9151B83607200A9451D /* AppDelegate.swift */; };
		275FC9181B83607200A9451D /* ViewController.swift in Sources */ = {isa = PBXBuildFile; fileRef = 275FC9171B83607200A9451D /* ViewController.swift */; };
		275FC91B1B83607200A9451D /* Main.storyboard in Resources */ = {isa = PBXBuildFile; fileRef = 275FC9191B83607200A9451D /* Main.storyboard */; };
		275FC91D1B83607200A9451D /* Images.xcassets in Resources */ = {isa = PBXBuildFile; fileRef = 275FC91C1B83607200A9451D /* Images.xcassets */; };
		275FC9201B83607200A9451D /* LaunchScreen.xib in Resources */ = {isa = PBXBuildFile; fileRef = 275FC91E1B83607200A9451D /* LaunchScreen.xib */; };
		275FC92C1B83607200A9451D /* CalculatorTests.swift in Sources */ = {isa = PBXBuildFile; fileRef = 275FC92B1B83607200A9451D /* CalculatorTests.swift */; };
		275FC9361B88B43700A9451D /* CalculatorBrain.swift in Sources */ = {isa = PBXBuildFile; fileRef = 275FC9351B88B43700A9451D /* CalculatorBrain.swift */; };
/* End PBXBuildFile section */

/* Begin PBXContainerItemProxy section */
		275FC9261B83607200A9451D /* PBXContainerItemProxy */ = {
			isa = PBXContainerItemProxy;
			containerPortal = 275FC9081B83607200A9451D /* Project object */;
			proxyType = 1;
			remoteGlobalIDString = 275FC90F1B83607200A9451D;
			remoteInfo = Calculator;
		};
/* End PBXContainerItemProxy section */

/* Begin PBXFileReference section */
		275FC9101B83607200A9451D /* Calculator.app */ = {isa = PBXFileReference; explicitFileType = wrapper.application; includeInIndex = 0; path = Calculator.app; sourceTree = BUILT_PRODUCTS_DIR; };
		275FC9141B83607200A9451D /* Info.plist */ = {isa = PBXFileReference; lastKnownFileType = text.plist.xml; path = Info.plist; sourceTree = "<group>"; };
		275FC9151B83607200A9451D /* AppDelegate.swift */ = {isa = PBXFileReference; lastKnownFileType = sourcecode.swift; path = AppDelegate.swift; sourceTree = "<group>"; };
		275FC9171B83607200A9451D /* ViewController.swift */ = {isa = PBXFileReference; lastKnownFileType = sourcecode.swift; path = ViewController.swift; sourceTree = "<group>"; };
		275FC91A1B83607200A9451D /* Base */ = {isa = PBXFileReference; lastKnownFileType = file.storyboard; name = Base; path = Base.lproj/Main.storyboard; sourceTree = "<group>"; };
		275FC91C1B83607200A9451D /* Images.xcassets */ = {isa = PBXFileReference; lastKnownFileType = folder.assetcatalog; path = Images.xcassets; sourceTree = "<group>"; };
		275FC91F1B83607200A9451D /* Base */ = {isa = PBXFileReference; lastKnownFileType = file.xib; name = Base; path = Base.lproj/LaunchScreen.xib; sourceTree = "<group>"; };
		275FC9251B83607200A9451D /* CalculatorTests.xctest */ = {isa = PBXFileReference; explicitFileType = wrapper.cfbundle; includeInIndex = 0; path = CalculatorTests.xctest; sourceTree = BUILT_PRODUCTS_DIR; };
		275FC92A1B83607200A9451D /* Info.plist */ = {isa = PBXFileReference; lastKnownFileType = text.plist.xml; path = Info.plist; sourceTree = "<group>"; };
		275FC92B1B83607200A9451D /* CalculatorTests.swift */ = {isa = PBXFileReference; lastKnownFileType = sourcecode.swift; path = CalculatorTests.swift; sourceTree = "<group>"; };
		275FC9351B88B43700A9451D /* CalculatorBrain.swift */ = {isa = PBXFileReference; fileEncoding = 4; lastKnownFileType = sourcecode.swift; path = CalculatorBrain.swift; sourceTree = "<group>"; };
/* End PBXFileReference section */

/* Begin PBXFrameworksBuildPhase section */
		275FC90D1B83607200A9451D /* Frameworks */ = {
			isa = PBXFrameworksBuildPhase;
			buildActionMask = 2147483647;
			files = (
			);
			runOnlyForDeploymentPostprocessing = 0;
		};
		275FC9221B83607200A9451D /* Frameworks */ = {
			isa = PBXFrameworksBuildPhase;
			buildActionMask = 2147483647;
			files = (
			);
			runOnlyForDeploymentPostprocessing = 0;
		};
/* End PBXFrameworksBuildPhase section */

/* Begin PBXGroup section */
		275FC9071B83607200A9451D = {
			isa = PBXGroup;
			children = (
				275FC9121B83607200A9451D /* Calculator */,
				275FC9281B83607200A9451D /* CalculatorTests */,
				275FC9111B83607200A9451D /* Products */,
			);
			sourceTree = "<group>";
		};
		275FC9111B83607200A9451D /* Products */ = {
			isa = PBXGroup;
			children = (
				275FC9101B83607200A9451D /* Calculator.app */,
				275FC9251B83607200A9451D /* CalculatorTests.xctest */,
			);
			name = Products;
			sourceTree = "<group>";
		};
		275FC9121B83607200A9451D /* Calculator */ = {
			isa = PBXGroup;
			children = (
				275FC9351B88B43700A9451D /* CalculatorBrain.swift */,
				275FC9171B83607200A9451D /* ViewController.swift */,
				275FC9191B83607200A9451D /* Main.storyboard */,
				275FC9131B83607200A9451D /* Supporting Files */,
			);
			path = Calculator;
			sourceTree = "<group>";
		};
		275FC9131B83607200A9451D /* Supporting Files */ = {
			isa = PBXGroup;
			children = (
				275FC91E1B83607200A9451D /* LaunchScreen.xib */,
				275FC91C1B83607200A9451D /* Images.xcassets */,
				275FC9151B83607200A9451D /* AppDelegate.swift */,
				275FC9141B83607200A9451D /* Info.plist */,
			);
			name = "Supporting Files";
			sourceTree = "<group>";
		};
		275FC9281B83607200A9451D /* CalculatorTests */ = {
			isa = PBXGroup;
			children = (
				275FC92B1B83607200A9451D /* CalculatorTests.swift */,
				275FC9291B83607200A9451D /* Supporting Files */,
			);
			path = CalculatorTests;
			sourceTree = "<group>";
		};
		275FC9291B83607200A9451D /* Supporting Files */ = {
			isa = PBXGroup;
			children = (
				275FC92A1B83607200A9451D /* Info.plist */,
			);
			name = "Supporting Files";
			sourceTree = "<group>";
		};
/* End PBXGroup section */

/* Begin PBXNativeTarget section */
		275FC90F1B83607200A9451D /* Calculator */ = {
			isa = PBXNativeTarget;
			buildConfigurationList = 275FC92F1B83607200A9451D /* Build configuration list for PBXNativeTarget "Calculator" */;
			buildPhases = (
				275FC90C1B83607200A9451D /* Sources */,
				275FC90D1B83607200A9451D /* Frameworks */,
				275FC90E1B83607200A9451D /* Resources */,
			);
			buildRules = (
			);
			dependencies = (
			);
			name = Calculator;
			productName = Calculator;
			productReference = 275FC9101B83607200A9451D /* Calculator.app */;
			productType = "com.apple.product-type.application";
		};
		275FC9241B83607200A9451D /* CalculatorTests */ = {
			isa = PBXNativeTarget;
			buildConfigurationList = 275FC9321B83607200A9451D /* Build configuration list for PBXNativeTarget "CalculatorTests" */;
			buildPhases = (
				275FC9211B83607200A9451D /* Sources */,
				275FC9221B83607200A9451D /* Frameworks */,
				275FC9231B83607200A9451D /* Resources */,
			);
			buildRules = (
			);
			dependencies = (
				275FC9271B83607200A9451D /* PBXTargetDependency */,
			);
			name = CalculatorTests;
			productName = CalculatorTests;
			productReference = 275FC9251B83607200A9451D /* CalculatorTests.xctest */;
			productType = "com.apple.product-type.bundle.unit-test";
		};
/* End PBXNativeTarget section */

/* Begin PBXProject section */
		275FC9081B83607200A9451D /* Project object */ = {
			isa = PBXProject;
			attributes = {
				LastUpgradeCheck = 0640;
				ORGANIZATIONNAME = "李志勤";
				TargetAttributes = {
					275FC90F1B83607200A9451D = {
						CreatedOnToolsVersion = 6.4;
					};
					275FC9241B83607200A9451D = {
						CreatedOnToolsVersion = 6.4;
						TestTargetID = 275FC90F1B83607200A9451D;
					};
				};
			};
			buildConfigurationList = 275FC90B1B83607200A9451D /* Build configuration list for PBXProject "Calculator" */;
			compatibilityVersion = "Xcode 3.2";
			developmentRegion = English;
			hasScannedForEncodings = 0;
			knownRegions = (
				en,
				Base,
			);
			mainGroup = 275FC9071B83607200A9451D;
			productRefGroup = 275FC9111B83607200A9451D /* Products */;
			projectDirPath = "";
			projectRoot = "";
			targets = (
				275FC90F1B83607200A9451D /* Calculator */,
				275FC9241B83607200A9451D /* CalculatorTests */,
			);
		};
/* End PBXProject section */

/* Begin PBXResourcesBuildPhase section */
		275FC90E1B83607200A9451D /* Resources */ = {
			isa = PBXResourcesBuildPhase;
			buildActionMask = 2147483647;
			files = (
				275FC91B1B83607200A9451D /* Main.storyboard in Resources */,
				275FC9201B83607200A9451D /* LaunchScreen.xib in Resources */,
				275FC91D1B83607200A9451D /* Images.xcassets in Resources */,
			);
			runOnlyForDeploymentPostprocessing = 0;
		};
		275FC9231B83607200A9451D /* Resources */ = {
			isa = PBXResourcesBuildPhase;
			buildActionMask = 2147483647;
			files = (
			);
			runOnlyForDeploymentPostprocessing = 0;
		};
/* End PBXResourcesBuildPhase section */

/* Begin PBXSourcesBuildPhase section */
		275FC90C1B83607200A9451D /* Sources */ = {
			isa = PBXSourcesBuildPhase;
			buildActionMask = 2147483647;
			files = (
				275FC9361B88B43700A9451D /* CalculatorBrain.swift in Sources */,
				275FC9181B83607200A9451D /* ViewController.swift in Sources */,
				275FC9161B83607200A9451D /* AppDelegate.swift in Sources */,
			);
			runOnlyForDeploymentPostprocessing = 0;
		};
		275FC9211B83607200A9451D /* Sources */ = {
			isa = PBXSourcesBuildPhase;
			buildActionMask = 2147483647;
			files = (
				275FC92C1B83607200A9451D /* CalculatorTests.swift in Sources */,
			);
			runOnlyForDeploymentPostprocessing = 0;
		};
/* End PBXSourcesBuildPhase section */

/* Begin PBXTargetDependency section */
		275FC9271B83607200A9451D /* PBXTargetDependency */ = {
			isa = PBXTargetDependency;
			target = 275FC90F1B83607200A9451D /* Calculator */;
			targetProxy = 275FC9261B83607200A9451D /* PBXContainerItemProxy */;
		};
/* End PBXTargetDependency section */

/* Begin PBXVariantGroup section */
		275FC9191B83607200A9451D /* Main.storyboard */ = {
			isa = PBXVariantGroup;
			children = (
				275FC91A1B83607200A9451D /* Base */,
			);
			name = Main.storyboard;
			sourceTree = "<group>";
		};
		275FC91E1B83607200A9451D /* LaunchScreen.xib */ = {
			isa = PBXVariantGroup;
			children = (
				275FC91F1B83607200A9451D /* Base */,
			);
			name = LaunchScreen.xib;
			sourceTree = "<group>";
		};
/* End PBXVariantGroup section */

/* Begin XCBuildConfiguration section */
		275FC92D1B83607200A9451D /* Debug */ = {
			isa = XCBuildConfiguration;
			buildSettings = {
				ALWAYS_SEARCH_USER_PATHS = NO;
				CLANG_CXX_LANGUAGE_STANDARD = "gnu++0x";
				CLANG_CXX_LIBRARY = "libc++";
				CLANG_ENABLE_MODULES = YES;
				CLANG_ENABLE_OBJC_ARC = YES;
				CLANG_WARN_BOOL_CONVERSION = YES;
				CLANG_WARN_CONSTANT_CONVERSION = YES;
				CLANG_WARN_DIRECT_OBJC_ISA_USAGE = YES_ERROR;
				CLANG_WARN_EMPTY_BODY = YES;
				CLANG_WARN_ENUM_CONVERSION = YES;
				CLANG_WARN_INT_CONVERSION = YES;
				CLANG_WARN_OBJC_ROOT_CLASS = YES_ERROR;
				CLANG_WARN_UNREACHABLE_CODE = YES;
				CLANG_WARN__DUPLICATE_METHOD_MATCH = YES;
				"CODE_SIGN_IDENTITY[sdk=iphoneos*]" = "iPhone Developer";
				COPY_PHASE_STRIP = NO;
				DEBUG_INFORMATION_FORMAT = "dwarf-with-dsym";
				ENABLE_STRICT_OBJC_MSGSEND = YES;
				GCC_C_LANGUAGE_STANDARD = gnu99;
				GCC_DYNAMIC_NO_PIC = NO;
				GCC_NO_COMMON_BLOCKS = YES;
				GCC_OPTIMIZATION_LEVEL = 0;
				GCC_PREPROCESSOR_DEFINITIONS = (
					"DEBUG=1",
					"$(inherited)",
				);
				GCC_SYMBOLS_PRIVATE_EXTERN = NO;
				GCC_WARN_64_TO_32_BIT_CONVERSION = YES;
				GCC_WARN_ABOUT_RETURN_TYPE = YES_ERROR;
				GCC_WARN_UNDECLARED_SELECTOR = YES;
				GCC_WARN_UNINITIALIZED_AUTOS = YES_AGGRESSIVE;
				GCC_WARN_UNUSED_FUNCTION = YES;
				GCC_WARN_UNUSED_VARIABLE = YES;
				IPHONEOS_DEPLOYMENT_TARGET = 8.4;
				MTL_ENABLE_DEBUG_INFO = YES;
				ONLY_ACTIVE_ARCH = YES;
				SDKROOT = iphoneos;
				SWIFT_OPTIMIZATION_LEVEL = "-Onone";
				TARGETED_DEVICE_FAMILY = "1,2";
			};
			name = Debug;
		};
		275FC92E1B83607200A9451D /* Release */ = {
			isa = XCBuildConfiguration;
			buildSettings = {
				ALWAYS_SEARCH_USER_PATHS = NO;
				CLANG_CXX_LANGUAGE_STANDARD = "gnu++0x";
				CLANG_CXX_LIBRARY = "libc++";
				CLANG_ENABLE_MODULES = YES;
				CLANG_ENABLE_OBJC_ARC = YES;
				CLANG_WARN_BOOL_CONVERSION = YES;
				CLANG_WARN_CONSTANT_CONVERSION = YES;
				CLANG_WARN_DIRECT_OBJC_ISA_USAGE = YES_ERROR;
				CLANG_WARN_EMPTY_BODY = YES;
				CLANG_WARN_ENUM_CONVERSION = YES;
				CLANG_WARN_INT_CONVERSION = YES;
				CLANG_WARN_OBJC_ROOT_CLASS = YES_ERROR;
				CLANG_WARN_UNREACHABLE_CODE = YES;
				CLANG_WARN__DUPLICATE_METHOD_MATCH = YES;
				"CODE_SIGN_IDENTITY[sdk=iphoneos*]" = "iPhone Developer";
				COPY_PHASE_STRIP = NO;
				DEBUG_INFORMATION_FORMAT = "dwarf-with-dsym";
				ENABLE_NS_ASSERTIONS = NO;
				ENABLE_STRICT_OBJC_MSGSEND = YES;
				GCC_C_LANGUAGE_STANDARD = gnu99;
				GCC_NO_COMMON_BLOCKS = YES;
				GCC_WARN_64_TO_32_BIT_CONVERSION = YES;
				GCC_WARN_ABOUT_RETURN_TYPE = YES_ERROR;
				GCC_WARN_UNDECLARED_SELECTOR = YES;
				GCC_WARN_UNINITIALIZED_AUTOS = YES_AGGRESSIVE;
				GCC_WARN_UNUSED_FUNCTION = YES;
				GCC_WARN_UNUSED_VARIABLE = YES;
				IPHONEOS_DEPLOYMENT_TARGET = 8.4;
				MTL_ENABLE_DEBUG_INFO = NO;
				SDKROOT = iphoneos;
				TARGETED_DEVICE_FAMILY = "1,2";
				VALIDATE_PRODUCT = YES;
			};
			name = Release;
		};
		275FC9301B83607200A9451D /* Debug */ = {
			isa = XCBuildConfiguration;
			buildSettings = {
				ASSETCATALOG_COMPILER_APPICON_NAME = AppIcon;
				INFOPLIST_FILE = Calculator/Info.plist;
				LD_RUNPATH_SEARCH_PATHS = "$(inherited) @executable_path/Frameworks";
				PRODUCT_NAME = "$(TARGET_NAME)";
			};
			name = Debug;
		};
		275FC9311B83607200A9451D /* Release */ = {
			isa = XCBuildConfiguration;
			buildSettings = {
				ASSETCATALOG_COMPILER_APPICON_NAME = AppIcon;
				INFOPLIST_FILE = Calculator/Info.plist;
				LD_RUNPATH_SEARCH_PATHS = "$(inherited) @executable_path/Frameworks";
				PRODUCT_NAME = "$(TARGET_NAME)";
			};
			name = Release;
		};
		275FC9331B83607200A9451D /* Debug */ = {
			isa = XCBuildConfiguration;
			buildSettings = {
				BUNDLE_LOADER = "$(TEST_HOST)";
				FRAMEWORK_SEARCH_PATHS = (
					"$(SDKROOT)/Developer/Library/Frameworks",
					"$(inherited)",
				);
				GCC_PREPROCESSOR_DEFINITIONS = (
					"DEBUG=1",
					"$(inherited)",
				);
				INFOPLIST_FILE = CalculatorTests/Info.plist;
				LD_RUNPATH_SEARCH_PATHS = "$(inherited) @executable_path/Frameworks @loader_path/Frameworks";
				PRODUCT_NAME = "$(TARGET_NAME)";
				TEST_HOST = "$(BUILT_PRODUCTS_DIR)/Calculator.app/Calculator";
			};
			name = Debug;
		};
		275FC9341B83607200A9451D /* Release */ = {
			isa = XCBuildConfiguration;
			buildSettings = {
				BUNDLE_LOADER = "$(TEST_HOST)";
				FRAMEWORK_SEARCH_PATHS = (
					"$(SDKROOT)/Developer/Library/Frameworks",
					"$(inherited)",
				);
				INFOPLIST_FILE = CalculatorTests/Info.plist;
				LD_RUNPATH_SEARCH_PATHS = "$(inherited) @executable_path/Frameworks @loader_path/Frameworks";
				PRODUCT_NAME = "$(TARGET_NAME)";
				TEST_HOST = "$(BUILT_PRODUCTS_DIR)/Calculator.app/Calculator";
			};
			name = Release;
		};
/* End XCBuildConfiguration section */

/* Begin XCConfigurationList section */
		275FC90B1B83607200A9451D /* Build configuration list for PBXProject "Calculator" */ = {
			isa = XCConfigurationList;
			buildConfigurations = (
				275FC92D1B83607200A9451D /* Debug */,
				275FC92E1B83607200A9451D /* Release */,
			);
			defaultConfigurationIsVisible = 0;
			defaultConfigurationName = Release;
		};
		275FC92F1B83607200A9451D /* Build configuration list for PBXNativeTarget "Calculator" */ = {
			isa = XCConfigurationList;
			buildConfigurations = (
				275FC9301B83607200A9451D /* Debug */,
				275FC9311B83607200A9451D /* Release */,
			);
			defaultConfigurationIsVisible = 0;
			defaultConfigurationName = Release;
		};
		275FC9321B83607200A9451D /* Build configuration list for PBXNativeTarget "CalculatorTests" */ = {
			isa = XCConfigurationList;
			buildConfigurations = (
				275FC9331B83607200A9451D /* Debug */,
				275FC9341B83607200A9451D /* Release */,
			);
			defaultConfigurationIsVisible = 0;
			defaultConfigurationName = Release;
		};
/* End XCConfigurationList section */
	};
	rootObject = 275FC9081B83607200A9451D /* Project object */;
}
